
Microsoft Visual Studio Solution File, Format Version 12.00
# Visual Studio Version 17
VisualStudioVersion = 17.14.36414.22
MinimumVisualStudioVersion = 10.0.40219.1
Project("{8BC9CEB8-8B4A-11D0-8D11-00A0C91BC942}") = "StarWhale_Core", "StarWhale_Core\StarWhale_Core\StarWhale_Core.vcxproj", "{6D31D36C-0AEC-4686-9590-ACADF9C23546}"
EndProject
Project("{8BC9CEB8-8B4A-11D0-8D11-00A0C91BC942}") = "StarWhale_Test", "StarWhale_Test\StarWhale_Test.vcxproj", "{EF1C2204-F0E1-7199-8E79-9F32D39278FE}"
EndProject
Project("{8BC9CEB8-8B4A-11D0-8D11-00A0C91BC942}") = "StarWhale_Apps", "StarWhale_Apps\StarWhale_Apps.vcxproj", "{B910963A-7CA0-4D15-856A-08A179E1C05F}"
EndProject
Global
	GlobalSection(SolutionConfigurationPlatforms) = preSolution
		Debug|x64 = Debug|x64
		Debug|x86 = Debug|x86
		Release|x64 = Release|x64
		Release|x86 = Release|x86
	EndGlobalSection
	GlobalSection(ProjectConfigurationPlatforms) = postSolution
		{6D31D36C-0AEC-4686-9590-ACADF9C23546}.Debug|x64.ActiveCfg = Debug|x64
		{6D31D36C-0AEC-4686-9590-ACADF9C23546}.Debug|x64.Build.0 = Debug|x64
		{6D31D36C-0AEC-4686-9590-ACADF9C23546}.Debug|x86.ActiveCfg = Debug|Win32
		{6D31D36C-0AEC-4686-9590-ACADF9C23546}.Debug|x86.Build.0 = Debug|Win32
		{6D31D36C-0AEC-4686-9590-ACADF9C23546}.Release|x64.ActiveCfg = Release|x64
		{6D31D36C-0AEC-4686-9590-ACADF9C23546}.Release|x64.Build.0 = Release|x64
		{6D31D36C-0AEC-4686-9590-ACADF9C23546}.Release|x86.ActiveCfg = Release|Win32
		{6D31D36C-0AEC-4686-9590-ACADF9C23546}.Release|x86.Build.0 = Release|Win32
		{EF1C2204-F0E1-7199-8E79-9F32D39278FE}.Debug|x64.ActiveCfg = Debug|x64
		{EF1C2204-F0E1-7199-8E79-9F32D39278FE}.Debug|x64.Build.0 = Debug|x64
		{EF1C2204-F0E1-7199-8E79-9F32D39278FE}.Debug|x86.ActiveCfg = Debug|Win32
		{EF1C2204-F0E1-7199-8E79-9F32D39278FE}.Debug|x86.Build.0 = Debug|Win32
		{EF1C2204-F0E1-7199-8E79-9F32D39278FE}.Release|x64.ActiveCfg = Release|x64
		{EF1C2204-F0E1-7199-8E79-9F32D39278FE}.Release|x64.Build.0 = Release|x64
		{EF1C2204-F0E1-7199-8E79-9F32D39278FE}.Release|x86.ActiveCfg = Release|Win32
		{EF1C2204-F0E1-7199-8E79-9F32D39278FE}.Release|x86.Build.0 = Release|Win32
		{B910963A-7CA0-4D15-856A-08A179E1C05F}.Debug|x64.ActiveCfg = Debug|x64
		{B910963A-7CA0-4D15-856A-08A179E1C05F}.Debug|x64.Build.0 = Debug|x64
		{B910963A-7CA0-4D15-856A-08A179E1C05F}.Debug|x86.ActiveCfg = Debug|Win32
		{B910963A-7CA0-4D15-856A-08A179E1C05F}.Debug|x86.Build.0 = Debug|Win32
		{B910963A-7CA0-4D15-856A-08A179E1C05F}.Release|x64.ActiveCfg = Release|x64
		{B910963A-7CA0-4D15-856A-08A179E1C05F}.Release|x64.Build.0 = Release|x64
		{B910963A-7CA0-4D15-856A-08A179E1C05F}.Release|x86.ActiveCfg = Release|Win32
		{B910963A-7CA0-4D15-856A-08A179E1C05F}.Release|x86.Build.0 = Release|Win32
	EndGlobalSection
	GlobalSection(SolutionProperties) = preSolution
		HideSolutionNode = FALSE
	EndGlobalSection
	GlobalSection(ExtensibilityGlobals) = postSolution
		SolutionGuid = {46DE79BF-0C0B-491F-BA16-E140132A1A25}
	EndGlobalSection
EndGlobal
